
Microsoft Visual Studio Solution File, Format Version 12.00
# Visual Studio Version 17
VisualStudioVersion = 17.7.34003.232
MinimumVisualStudioVersion = 10.0.40219.1
Project("{FAE04EC0-301F-11D3-BF4B-00C04F79EFBC}") = "HW13.6.1", "HW13.6.1\HW13.6.1.csproj", "{E6F3E6AB-317D-4F8F-A6E4-EEB9A997F070}"
EndProject
Project("{FAE04EC0-301F-11D3-BF4B-00C04F79EFBC}") = "HW13.6.2", "HW13.6.2\HW13.6.2.csproj", "{AACF5938-F86C-461E-88CF-3518F558F4E6}"
EndProject
Global
	GlobalSection(SolutionConfigurationPlatforms) = preSolution
		Debug|Any CPU = Debug|Any CPU
		Release|Any CPU = Release|Any CPU
	EndGlobalSection
	GlobalSection(ProjectConfigurationPlatforms) = postSolution
		{E6F3E6AB-317D-4F8F-A6E4-EEB9A997F070}.Debug|Any CPU.ActiveCfg = Debug|Any CPU
		{E6F3E6AB-317D-4F8F-A6E4-EEB9A997F070}.Debug|Any CPU.Build.0 = Debug|Any CPU
		{E6F3E6AB-317D-4F8F-A6E4-EEB9A997F070}.Release|Any CPU.ActiveCfg = Release|Any CPU
		{E6F3E6AB-317D-4F8F-A6E4-EEB9A997F070}.Release|Any CPU.Build.0 = Release|Any CPU
		{AACF5938-F86C-461E-88CF-3518F558F4E6}.Debug|Any CPU.ActiveCfg = Debug|Any CPU
		{AACF5938-F86C-461E-88CF-3518F558F4E6}.Debug|Any CPU.Build.0 = Debug|Any CPU
		{AACF5938-F86C-461E-88CF-3518F558F4E6}.Release|Any CPU.ActiveCfg = Release|Any CPU
		{AACF5938-F86C-461E-88CF-3518F558F4E6}.Release|Any CPU.Build.0 = Release|Any CPU
	EndGlobalSection
	GlobalSection(SolutionProperties) = preSolution
		HideSolutionNode = FALSE
	EndGlobalSection
	GlobalSection(ExtensibilityGlobals) = postSolution
		SolutionGuid = {76DA0C03-E564-42C1-AF96-AA00A47CC890}
	EndGlobalSection
EndGlobal
